
Microsoft Visual Studio Solution File, Format Version 12.00
# Visual Studio Version 16
VisualStudioVersion = 16.0.29613.14
MinimumVisualStudioVersion = 10.0.40219.1
Project("{FAE04EC0-301F-11D3-BF4B-00C04F79EFBC}") = "NoRe.Translation", "NoRe.Translation\NoRe.Translation.csproj", "{6F1199F0-E9A4-4227-9B98-1B8FF4961A63}"
EndProject
Project("{FAE04EC0-301F-11D3-BF4B-00C04F79EFBC}") = "NoRe.Translation.Test", "NoRe.Translation.Test\NoRe.Translation.Test.csproj", "{BD2278A6-3E6A-4FA3-BCDE-F8CFE81CB375}"
EndProject
Global
	GlobalSection(SolutionConfigurationPlatforms) = preSolution
		Debug|Any CPU = Debug|Any CPU
		Release|Any CPU = Release|Any CPU
	EndGlobalSection
	GlobalSection(ProjectConfigurationPlatforms) = postSolution
		{6F1199F0-E9A4-4227-9B98-1B8FF4961A63}.Debug|Any CPU.ActiveCfg = Debug|Any CPU
		{6F1199F0-E9A4-4227-9B98-1B8FF4961A63}.Debug|Any CPU.Build.0 = Debug|Any CPU
		{6F1199F0-E9A4-4227-9B98-1B8FF4961A63}.Release|Any CPU.ActiveCfg = Release|Any CPU
		{6F1199F0-E9A4-4227-9B98-1B8FF4961A63}.Release|Any CPU.Build.0 = Release|Any CPU
		{BD2278A6-3E6A-4FA3-BCDE-F8CFE81CB375}.Debug|Any CPU.ActiveCfg = Debug|Any CPU
		{BD2278A6-3E6A-4FA3-BCDE-F8CFE81CB375}.Debug|Any CPU.Build.0 = Debug|Any CPU
		{BD2278A6-3E6A-4FA3-BCDE-F8CFE81CB375}.Release|Any CPU.ActiveCfg = Release|Any CPU
		{BD2278A6-3E6A-4FA3-BCDE-F8CFE81CB375}.Release|Any CPU.Build.0 = Release|Any CPU
	EndGlobalSection
	GlobalSection(SolutionProperties) = preSolution
		HideSolutionNode = FALSE
	EndGlobalSection
	GlobalSection(ExtensibilityGlobals) = postSolution
		SolutionGuid = {951B6632-4616-49AF-A061-C5EAB8FBF252}
	EndGlobalSection
EndGlobal
